
Microsoft Visual Studio Solution File, Format Version 12.00
# Visual Studio Version 17
VisualStudioVersion = 17.3.32929.385
MinimumVisualStudioVersion = 10.0.40219.1
Project("{FAE04EC0-301F-11D3-BF4B-00C04F79EFBC}") = "RequestService", "Polly\RequestService.csproj", "{47A7673E-25C9-4369-AACE-CC4F29A53036}"
EndProject
Project("{FAE04EC0-301F-11D3-BF4B-00C04F79EFBC}") = "ResponseService", "ResponseService\ResponseService.csproj", "{C070D097-5C84-47F2-9A8C-9C7023C6BB94}"
EndProject
Global
	GlobalSection(SolutionConfigurationPlatforms) = preSolution
		Debug|Any CPU = Debug|Any CPU
		Release|Any CPU = Release|Any CPU
	EndGlobalSection
	GlobalSection(ProjectConfigurationPlatforms) = postSolution
		{47A7673E-25C9-4369-AACE-CC4F29A53036}.Debug|Any CPU.ActiveCfg = Debug|Any CPU
		{47A7673E-25C9-4369-AACE-CC4F29A53036}.Debug|Any CPU.Build.0 = Debug|Any CPU
		{47A7673E-25C9-4369-AACE-CC4F29A53036}.Release|Any CPU.ActiveCfg = Release|Any CPU
		{47A7673E-25C9-4369-AACE-CC4F29A53036}.Release|Any CPU.Build.0 = Release|Any CPU
		{C070D097-5C84-47F2-9A8C-9C7023C6BB94}.Debug|Any CPU.ActiveCfg = Debug|Any CPU
		{C070D097-5C84-47F2-9A8C-9C7023C6BB94}.Debug|Any CPU.Build.0 = Debug|Any CPU
		{C070D097-5C84-47F2-9A8C-9C7023C6BB94}.Release|Any CPU.ActiveCfg = Release|Any CPU
		{C070D097-5C84-47F2-9A8C-9C7023C6BB94}.Release|Any CPU.Build.0 = Release|Any CPU
	EndGlobalSection
	GlobalSection(SolutionProperties) = preSolution
		HideSolutionNode = FALSE
	EndGlobalSection
	GlobalSection(ExtensibilityGlobals) = postSolution
		SolutionGuid = {8EEBF974-190A-430B-B0DB-7889C950D0B3}
	EndGlobalSection
EndGlobal
